
Microsoft Visual Studio Solution File, Format Version 12.00
# Visual Studio Version 17
VisualStudioVersion = 17.9.34622.214
MinimumVisualStudioVersion = 10.0.40219.1
Project("{FAE04EC0-301F-11D3-BF4B-00C04F79EFBC}") = "Metodi", "Metodi\Metodi.csproj", "{7EEF694E-59F9-4197-82E4-82F1264E4EA1}"
EndProject
Global
	GlobalSection(SolutionConfigurationPlatforms) = preSolution
		Debug|Any CPU = Debug|Any CPU
		Release|Any CPU = Release|Any CPU
	EndGlobalSection
	GlobalSection(ProjectConfigurationPlatforms) = postSolution
		{7EEF694E-59F9-4197-82E4-82F1264E4EA1}.Debug|Any CPU.ActiveCfg = Debug|Any CPU
		{7EEF694E-59F9-4197-82E4-82F1264E4EA1}.Debug|Any CPU.Build.0 = Debug|Any CPU
		{7EEF694E-59F9-4197-82E4-82F1264E4EA1}.Release|Any CPU.ActiveCfg = Release|Any CPU
		{7EEF694E-59F9-4197-82E4-82F1264E4EA1}.Release|Any CPU.Build.0 = Release|Any CPU
	EndGlobalSection
	GlobalSection(SolutionProperties) = preSolution
		HideSolutionNode = FALSE
	EndGlobalSection
	GlobalSection(ExtensibilityGlobals) = postSolution
		SolutionGuid = {DC4F9A90-3743-4131-9EEC-DFDAADAE2616}
	EndGlobalSection
EndGlobal
